# This file is automatically @generated by Poetry 2.1.2 and should not be changed by hand.

[[package]]
name = "abnf"
version = "2.3.1"
description = "Parsers for ABNF grammars."
optional = false
python-versions = ">=3.9"
groups = ["main"]
files = [
    {file = "abnf-2.3.1-py3-none-any.whl", hash = "sha256:ab3704639a11efe26cd64da0768b67e68a3b2c408d63252e4c475196dfb9c02a"},
    {file = "abnf-2.3.1.tar.gz", hash = "sha256:2d3ed490c64c0e285ed35384d4a588f3b1e8930620b09b76602851082784e34f"},
]

[[package]]
name = "pyparsing"
version = "3.2.3"
description = "pyparsing module - Classes and methods to define and execute parsing grammars"
optional = false
python-versions = ">=3.9"
groups = ["main"]
files = [
    {file = "pyparsing-3.2.3-py3-none-any.whl", hash = "sha256:a749938e02d6fd0b59b356ca504a24982314bb090c383e3cf201c95ef7e2bfcf"},
    {file = "pyparsing-3.2.3.tar.gz", hash = "sha256:b9c13f1ab8b3b542f72e28f634bad4de758ab3ce4546e4301970ad6fa77c38be"},
]

[package.extras]
diagrams = ["jinja2", "railroad-diagrams"]

[metadata]
lock-version = "2.1"
python-versions = ">=3.9"
content-hash = "ff390b3e3d6ab70b5a2d27a073957bf444444c1ce99c082647d4fabf53f0c7da"
